
Microsoft Visual Studio Solution File, Format Version 12.00
# Visual Studio Version 17
VisualStudioVersion = 17.6.33723.286
MinimumVisualStudioVersion = 10.0.40219.1
Project("{FAE04EC0-301F-11D3-BF4B-00C04F79EFBC}") = "YT Assistant", "YT Assistant.csproj", "{A58BBF23-BC04-42D9-92DD-F6160B95C111}"
EndProject
Global
	GlobalSection(SolutionConfigurationPlatforms) = preSolution
		Debug|Any CPU = Debug|Any CPU
		Release|Any CPU = Release|Any CPU
	EndGlobalSection
	GlobalSection(ProjectConfigurationPlatforms) = postSolution
		{A58BBF23-BC04-42D9-92DD-F6160B95C111}.Debug|Any CPU.ActiveCfg = Debug|Any CPU
		{A58BBF23-BC04-42D9-92DD-F6160B95C111}.Debug|Any CPU.Build.0 = Debug|Any CPU
		{A58BBF23-BC04-42D9-92DD-F6160B95C111}.Release|Any CPU.ActiveCfg = Release|Any CPU
		{A58BBF23-BC04-42D9-92DD-F6160B95C111}.Release|Any CPU.Build.0 = Release|Any CPU
	EndGlobalSection
	GlobalSection(SolutionProperties) = preSolution
		HideSolutionNode = FALSE
	EndGlobalSection
	GlobalSection(ExtensibilityGlobals) = postSolution
		SolutionGuid = {3C1457A4-1727-4FBE-9348-533E8775AAC5}
	EndGlobalSection
EndGlobal
